
Microsoft Visual Studio Solution File, Format Version 12.00
# Visual Studio 15
VisualStudioVersion = 15.0.28010.2036
MinimumVisualStudioVersion = 10.0.40219.1
Project("{9092AA53-FB77-4645-B42D-1CCCA6BD08BD}") = "ReactKanobiMasterPage", "ReactKanobiMasterPage\ReactKanobiMasterPage.njsproj", "{EBDBECD4-D2FF-41F5-A780-A9DD7A3DD7D1}"
EndProject
Global
	GlobalSection(SolutionConfigurationPlatforms) = preSolution
		Debug|Any CPU = Debug|Any CPU
		Release|Any CPU = Release|Any CPU
	EndGlobalSection
	GlobalSection(ProjectConfigurationPlatforms) = postSolution
		{EBDBECD4-D2FF-41F5-A780-A9DD7A3DD7D1}.Debug|Any CPU.ActiveCfg = Debug|Any CPU
		{EBDBECD4-D2FF-41F5-A780-A9DD7A3DD7D1}.Debug|Any CPU.Build.0 = Debug|Any CPU
		{EBDBECD4-D2FF-41F5-A780-A9DD7A3DD7D1}.Release|Any CPU.ActiveCfg = Release|Any CPU
		{EBDBECD4-D2FF-41F5-A780-A9DD7A3DD7D1}.Release|Any CPU.Build.0 = Release|Any CPU
	EndGlobalSection
	GlobalSection(SolutionProperties) = preSolution
		HideSolutionNode = FALSE
	EndGlobalSection
	GlobalSection(ExtensibilityGlobals) = postSolution
		SolutionGuid = {B0018BD7-E05D-4F73-98F3-36AC1BD2C630}
	EndGlobalSection
EndGlobal
